{
  "name": "nga-data-fetch",
  "version": "0.1.0",
  "lockfileVersion": 3,
  "requires": true,
  "packages": {
    "": {
      "name": "nga-data-fetch",
      "version": "0.1.0",
      "dependencies": {
        "nga-bbcode-ts": "file:../bbcode-ts"
      },
      "bin": {
        "nga-fetch": "bin/nga-fetch.js"
      }
    },
    "../bbcode-ts": {
      "name": "nga-bbcode-ts",
      "version": "0.1.0",
      "devDependencies": {
        "@types/node": "^22.0.0",
        "typescript": "^5.5.0"
      }
    },
    "node_modules/nga-bbcode-ts": {
      "resolved": "../bbcode-ts",
      "link": true
    }
  }
}
